
Microsoft Visual Studio Solution File, Format Version 12.00
# Visual Studio Version 17
VisualStudioVersion = 17.12.35209.166
MinimumVisualStudioVersion = 10.0.40219.1
Project("{9A19103F-16F7-4668-BE54-9A1E7A4F7556}") = "FlowCoach.Entities", "FlowCoach.Entities\FlowCoach.Entities.csproj", "{39C4F09D-08EE-4475-8B66-F5C06C4F3E8C}"
EndProject
Project("{9A19103F-16F7-4668-BE54-9A1E7A4F7556}") = "FlowCoach.DataAccess", "FlowCoach.DataAccess\FlowCoach.DataAccess.csproj", "{0D0E3CC7-D0B6-446E-B4FF-4405B6550259}"
EndProject
Project("{9A19103F-16F7-4668-BE54-9A1E7A4F7556}") = "FlowCoach.App", "FlowCoach.App\FlowCoach.App.csproj", "{4CC8FEAF-B987-442E-9C43-07C4FF507513}"
EndProject
Project("{9A19103F-16F7-4668-BE54-9A1E7A4F7556}") = "Flowcoach.API", "Flowcoach.API\Flowcoach.API.csproj", "{B0AD394A-BA71-4471-AADC-4452A0A82171}"
EndProject
Project("{9A19103F-16F7-4668-BE54-9A1E7A4F7556}") = "Flowcoach.Services", "Flowcoach.Services\Flowcoach.Services.csproj", "{ED09AF14-C043-4D0D-8FA8-9FC858985E41}"
EndProject
Project("{FAE04EC0-301F-11D3-BF4B-00C04F79EFBC}") = "Flowcoach.Assets", "Assets\Flowcoach.Assets.csproj", "{6ADD4D95-23F4-49A6-91C6-E63938FF5CDA}"
EndProject
Project("{FAE04EC0-301F-11D3-BF4B-00C04F79EFBC}") = "Flowcoach.Components", "Flowcoach.Components\Flowcoach.Components.csproj", "{295A9D49-4512-4423-AF09-4F581166BDA9}"
EndProject
Project("{FAE04EC0-301F-11D3-BF4B-00C04F79EFBC}") = "Flowcoach.Hub", "Flowcoach.Hub\Flowcoach.Hub.csproj", "{7372A4A8-E5D3-4F34-8AD2-3D39D59F0605}"
EndProject
Global
	GlobalSection(SolutionConfigurationPlatforms) = preSolution
		Debug|Any CPU = Debug|Any CPU
		Release|Any CPU = Release|Any CPU
	EndGlobalSection
	GlobalSection(ProjectConfigurationPlatforms) = postSolution
		{39C4F09D-08EE-4475-8B66-F5C06C4F3E8C}.Debug|Any CPU.ActiveCfg = Debug|Any CPU
		{39C4F09D-08EE-4475-8B66-F5C06C4F3E8C}.Debug|Any CPU.Build.0 = Debug|Any CPU
		{39C4F09D-08EE-4475-8B66-F5C06C4F3E8C}.Release|Any CPU.ActiveCfg = Release|Any CPU
		{39C4F09D-08EE-4475-8B66-F5C06C4F3E8C}.Release|Any CPU.Build.0 = Release|Any CPU
		{0D0E3CC7-D0B6-446E-B4FF-4405B6550259}.Debug|Any CPU.ActiveCfg = Debug|Any CPU
		{0D0E3CC7-D0B6-446E-B4FF-4405B6550259}.Debug|Any CPU.Build.0 = Debug|Any CPU
		{0D0E3CC7-D0B6-446E-B4FF-4405B6550259}.Release|Any CPU.ActiveCfg = Release|Any CPU
		{0D0E3CC7-D0B6-446E-B4FF-4405B6550259}.Release|Any CPU.Build.0 = Release|Any CPU
		{4CC8FEAF-B987-442E-9C43-07C4FF507513}.Debug|Any CPU.ActiveCfg = Debug|Any CPU
		{4CC8FEAF-B987-442E-9C43-07C4FF507513}.Debug|Any CPU.Build.0 = Debug|Any CPU
		{4CC8FEAF-B987-442E-9C43-07C4FF507513}.Release|Any CPU.ActiveCfg = Release|Any CPU
		{4CC8FEAF-B987-442E-9C43-07C4FF507513}.Release|Any CPU.Build.0 = Release|Any CPU
		{B0AD394A-BA71-4471-AADC-4452A0A82171}.Debug|Any CPU.ActiveCfg = Debug|Any CPU
		{B0AD394A-BA71-4471-AADC-4452A0A82171}.Debug|Any CPU.Build.0 = Debug|Any CPU
		{B0AD394A-BA71-4471-AADC-4452A0A82171}.Release|Any CPU.ActiveCfg = Release|Any CPU
		{B0AD394A-BA71-4471-AADC-4452A0A82171}.Release|Any CPU.Build.0 = Release|Any CPU
		{ED09AF14-C043-4D0D-8FA8-9FC858985E41}.Debug|Any CPU.ActiveCfg = Debug|Any CPU
		{ED09AF14-C043-4D0D-8FA8-9FC858985E41}.Debug|Any CPU.Build.0 = Debug|Any CPU
		{ED09AF14-C043-4D0D-8FA8-9FC858985E41}.Release|Any CPU.ActiveCfg = Release|Any CPU
		{ED09AF14-C043-4D0D-8FA8-9FC858985E41}.Release|Any CPU.Build.0 = Release|Any CPU
		{6ADD4D95-23F4-49A6-91C6-E63938FF5CDA}.Debug|Any CPU.ActiveCfg = Debug|Any CPU
		{6ADD4D95-23F4-49A6-91C6-E63938FF5CDA}.Debug|Any CPU.Build.0 = Debug|Any CPU
		{6ADD4D95-23F4-49A6-91C6-E63938FF5CDA}.Release|Any CPU.ActiveCfg = Release|Any CPU
		{6ADD4D95-23F4-49A6-91C6-E63938FF5CDA}.Release|Any CPU.Build.0 = Release|Any CPU
		{295A9D49-4512-4423-AF09-4F581166BDA9}.Debug|Any CPU.ActiveCfg = Debug|Any CPU
		{295A9D49-4512-4423-AF09-4F581166BDA9}.Debug|Any CPU.Build.0 = Debug|Any CPU
		{295A9D49-4512-4423-AF09-4F581166BDA9}.Release|Any CPU.ActiveCfg = Release|Any CPU
		{295A9D49-4512-4423-AF09-4F581166BDA9}.Release|Any CPU.Build.0 = Release|Any CPU
		{7372A4A8-E5D3-4F34-8AD2-3D39D59F0605}.Debug|Any CPU.ActiveCfg = Debug|Any CPU
		{7372A4A8-E5D3-4F34-8AD2-3D39D59F0605}.Debug|Any CPU.Build.0 = Debug|Any CPU
		{7372A4A8-E5D3-4F34-8AD2-3D39D59F0605}.Release|Any CPU.ActiveCfg = Release|Any CPU
		{7372A4A8-E5D3-4F34-8AD2-3D39D59F0605}.Release|Any CPU.Build.0 = Release|Any CPU
	EndGlobalSection
	GlobalSection(SolutionProperties) = preSolution
		HideSolutionNode = FALSE
	EndGlobalSection
	GlobalSection(ExtensibilityGlobals) = postSolution
		SolutionGuid = {E1792406-21DA-4D25-82F7-F7A568D3E0A1}
	EndGlobalSection
EndGlobal
