
Microsoft Visual Studio Solution File, Format Version 12.00
# Visual Studio Version 17
VisualStudioVersion = 17.12.35209.166
MinimumVisualStudioVersion = 10.0.40219.1
Project("{FAE04EC0-301F-11D3-BF4B-00C04F79EFBC}") = "FlowCoach.Entities", "FlowCoach.Entities\FlowCoach.Entities.csproj", "{39C4F09D-08EE-4475-8B66-F5C06C4F3E8C}"
EndProject
Project("{FAE04EC0-301F-11D3-BF4B-00C04F79EFBC}") = "FlowCoach.DataAccess", "FlowCoach.DataAccess\FlowCoach.DataAccess.csproj", "{0D0E3CC7-D0B6-446E-B4FF-4405B6550259}"
EndProject
Project("{FAE04EC0-301F-11D3-BF4B-00C04F79EFBC}") = "FlowCoach.App", "FlowCoach.App\FlowCoach.App.csproj", "{4CC8FEAF-B987-442E-9C43-07C4FF507513}"
EndProject
Project("{FAE04EC0-301F-11D3-BF4B-00C04F79EFBC}") = "Flowcoach.Services", "Flowcoach.Services\Flowcoach.Services.csproj", "{C6FEE50A-8C67-4A7D-BE4F-C92941FD37F3}"
EndProject
Project("{FAE04EC0-301F-11D3-BF4B-00C04F79EFBC}") = "Flowcoach.API", "Flowcoach.API\Flowcoach.API.csproj", "{5C69566E-945C-40A6-9AD9-12C64E51D7D4}"
EndProject
Project("{FAE04EC0-301F-11D3-BF4B-00C04F79EFBC}") = "Flowcoach.Hubs", "Flowcoach.Hubs\Flowcoach.Hubs.csproj", "{5E76F382-5EE3-4689-8440-AF24A0D771F5}"
EndProject
Global
	GlobalSection(SolutionConfigurationPlatforms) = preSolution
		Debug|Any CPU = Debug|Any CPU
		Release|Any CPU = Release|Any CPU
	EndGlobalSection
	GlobalSection(ProjectConfigurationPlatforms) = postSolution
		{39C4F09D-08EE-4475-8B66-F5C06C4F3E8C}.Debug|Any CPU.ActiveCfg = Debug|Any CPU
		{39C4F09D-08EE-4475-8B66-F5C06C4F3E8C}.Debug|Any CPU.Build.0 = Debug|Any CPU
		{39C4F09D-08EE-4475-8B66-F5C06C4F3E8C}.Release|Any CPU.ActiveCfg = Release|Any CPU
		{39C4F09D-08EE-4475-8B66-F5C06C4F3E8C}.Release|Any CPU.Build.0 = Release|Any CPU
		{0D0E3CC7-D0B6-446E-B4FF-4405B6550259}.Debug|Any CPU.ActiveCfg = Debug|Any CPU
		{0D0E3CC7-D0B6-446E-B4FF-4405B6550259}.Debug|Any CPU.Build.0 = Debug|Any CPU
		{0D0E3CC7-D0B6-446E-B4FF-4405B6550259}.Release|Any CPU.ActiveCfg = Release|Any CPU
		{0D0E3CC7-D0B6-446E-B4FF-4405B6550259}.Release|Any CPU.Build.0 = Release|Any CPU
		{4CC8FEAF-B987-442E-9C43-07C4FF507513}.Debug|Any CPU.ActiveCfg = Debug|Any CPU
		{4CC8FEAF-B987-442E-9C43-07C4FF507513}.Debug|Any CPU.Build.0 = Debug|Any CPU
		{4CC8FEAF-B987-442E-9C43-07C4FF507513}.Release|Any CPU.ActiveCfg = Release|Any CPU
		{4CC8FEAF-B987-442E-9C43-07C4FF507513}.Release|Any CPU.Build.0 = Release|Any CPU
		{C6FEE50A-8C67-4A7D-BE4F-C92941FD37F3}.Debug|Any CPU.ActiveCfg = Debug|Any CPU
		{C6FEE50A-8C67-4A7D-BE4F-C92941FD37F3}.Debug|Any CPU.Build.0 = Debug|Any CPU
		{C6FEE50A-8C67-4A7D-BE4F-C92941FD37F3}.Release|Any CPU.ActiveCfg = Release|Any CPU
		{C6FEE50A-8C67-4A7D-BE4F-C92941FD37F3}.Release|Any CPU.Build.0 = Release|Any CPU
		{5C69566E-945C-40A6-9AD9-12C64E51D7D4}.Debug|Any CPU.ActiveCfg = Debug|Any CPU
		{5C69566E-945C-40A6-9AD9-12C64E51D7D4}.Debug|Any CPU.Build.0 = Debug|Any CPU
		{5C69566E-945C-40A6-9AD9-12C64E51D7D4}.Release|Any CPU.ActiveCfg = Release|Any CPU
		{5C69566E-945C-40A6-9AD9-12C64E51D7D4}.Release|Any CPU.Build.0 = Release|Any CPU
		{5E76F382-5EE3-4689-8440-AF24A0D771F5}.Debug|Any CPU.ActiveCfg = Debug|Any CPU
		{5E76F382-5EE3-4689-8440-AF24A0D771F5}.Debug|Any CPU.Build.0 = Debug|Any CPU
		{5E76F382-5EE3-4689-8440-AF24A0D771F5}.Release|Any CPU.ActiveCfg = Release|Any CPU
		{5E76F382-5EE3-4689-8440-AF24A0D771F5}.Release|Any CPU.Build.0 = Release|Any CPU
	EndGlobalSection
	GlobalSection(SolutionProperties) = preSolution
		HideSolutionNode = FALSE
	EndGlobalSection
	GlobalSection(ExtensibilityGlobals) = postSolution
		SolutionGuid = {E1792406-21DA-4D25-82F7-F7A568D3E0A1}
	EndGlobalSection
EndGlobal
